
Microsoft Visual Studio Solution File, Format Version 12.00
# Visual Studio Version 16
VisualStudioVersion = 16.0.29306.81
MinimumVisualStudioVersion = 10.0.40219.1
Project("{FAE04EC0-301F-11D3-BF4B-00C04F79EFBC}") = "musicplayer.Android", "musicplayer.Android\musicplayer.Android.csproj", "{A440DC72-8FF7-4FD0-A7B7-2AF8A1381829}"
EndProject
Project("{FAE04EC0-301F-11D3-BF4B-00C04F79EFBC}") = "musicplayer.iOS", "musicplayer.iOS\musicplayer.iOS.csproj", "{70DDB8EE-D627-44F3-9177-16BDFFE54D6C}"
EndProject
Project("{FAE04EC0-301F-11D3-BF4B-00C04F79EFBC}") = "musicplayer", "musicplayer\musicplayer.csproj", "{C7C6BF2E-A389-44D8-A7A8-48030198D95D}"
EndProject
Global
	GlobalSection(SolutionConfigurationPlatforms) = preSolution
		Debug|Any CPU = Debug|Any CPU
		Debug|iPhone = Debug|iPhone
		Debug|iPhoneSimulator = Debug|iPhoneSimulator
		Release|Any CPU = Release|Any CPU
		Release|iPhone = Release|iPhone
		Release|iPhoneSimulator = Release|iPhoneSimulator
	EndGlobalSection
	GlobalSection(ProjectConfigurationPlatforms) = postSolution
		{A440DC72-8FF7-4FD0-A7B7-2AF8A1381829}.Debug|Any CPU.ActiveCfg = Debug|Any CPU
		{A440DC72-8FF7-4FD0-A7B7-2AF8A1381829}.Debug|Any CPU.Build.0 = Debug|Any CPU
		{A440DC72-8FF7-4FD0-A7B7-2AF8A1381829}.Debug|Any CPU.Deploy.0 = Debug|Any CPU
		{A440DC72-8FF7-4FD0-A7B7-2AF8A1381829}.Debug|iPhone.ActiveCfg = Debug|Any CPU
		{A440DC72-8FF7-4FD0-A7B7-2AF8A1381829}.Debug|iPhone.Build.0 = Debug|Any CPU
		{A440DC72-8FF7-4FD0-A7B7-2AF8A1381829}.Debug|iPhone.Deploy.0 = Debug|Any CPU
		{A440DC72-8FF7-4FD0-A7B7-2AF8A1381829}.Debug|iPhoneSimulator.ActiveCfg = Debug|Any CPU
		{A440DC72-8FF7-4FD0-A7B7-2AF8A1381829}.Debug|iPhoneSimulator.Build.0 = Debug|Any CPU
		{A440DC72-8FF7-4FD0-A7B7-2AF8A1381829}.Debug|iPhoneSimulator.Deploy.0 = Debug|Any CPU
		{A440DC72-8FF7-4FD0-A7B7-2AF8A1381829}.Release|Any CPU.ActiveCfg = Release|Any CPU
		{A440DC72-8FF7-4FD0-A7B7-2AF8A1381829}.Release|Any CPU.Build.0 = Release|Any CPU
		{A440DC72-8FF7-4FD0-A7B7-2AF8A1381829}.Release|Any CPU.Deploy.0 = Release|Any CPU
		{A440DC72-8FF7-4FD0-A7B7-2AF8A1381829}.Release|iPhone.ActiveCfg = Release|Any CPU
		{A440DC72-8FF7-4FD0-A7B7-2AF8A1381829}.Release|iPhone.Build.0 = Release|Any CPU
		{A440DC72-8FF7-4FD0-A7B7-2AF8A1381829}.Release|iPhone.Deploy.0 = Release|Any CPU
		{A440DC72-8FF7-4FD0-A7B7-2AF8A1381829}.Release|iPhoneSimulator.ActiveCfg = Release|Any CPU
		{A440DC72-8FF7-4FD0-A7B7-2AF8A1381829}.Release|iPhoneSimulator.Build.0 = Release|Any CPU
		{A440DC72-8FF7-4FD0-A7B7-2AF8A1381829}.Release|iPhoneSimulator.Deploy.0 = Release|Any CPU
		{70DDB8EE-D627-44F3-9177-16BDFFE54D6C}.Debug|Any CPU.ActiveCfg = Debug|iPhoneSimulator
		{70DDB8EE-D627-44F3-9177-16BDFFE54D6C}.Debug|Any CPU.Build.0 = Debug|iPhoneSimulator
		{70DDB8EE-D627-44F3-9177-16BDFFE54D6C}.Debug|Any CPU.Deploy.0 = Debug|iPhoneSimulator
		{70DDB8EE-D627-44F3-9177-16BDFFE54D6C}.Debug|iPhone.ActiveCfg = Debug|iPhone
		{70DDB8EE-D627-44F3-9177-16BDFFE54D6C}.Debug|iPhone.Build.0 = Debug|iPhone
		{70DDB8EE-D627-44F3-9177-16BDFFE54D6C}.Debug|iPhone.Deploy.0 = Debug|iPhone
		{70DDB8EE-D627-44F3-9177-16BDFFE54D6C}.Debug|iPhoneSimulator.ActiveCfg = Debug|iPhoneSimulator
		{70DDB8EE-D627-44F3-9177-16BDFFE54D6C}.Debug|iPhoneSimulator.Build.0 = Debug|iPhoneSimulator
		{70DDB8EE-D627-44F3-9177-16BDFFE54D6C}.Debug|iPhoneSimulator.Deploy.0 = Debug|iPhoneSimulator
		{70DDB8EE-D627-44F3-9177-16BDFFE54D6C}.Release|Any CPU.ActiveCfg = Release|iPhone
		{70DDB8EE-D627-44F3-9177-16BDFFE54D6C}.Release|Any CPU.Build.0 = Release|iPhone
		{70DDB8EE-D627-44F3-9177-16BDFFE54D6C}.Release|Any CPU.Deploy.0 = Release|iPhone
		{70DDB8EE-D627-44F3-9177-16BDFFE54D6C}.Release|iPhone.ActiveCfg = Release|iPhone
		{70DDB8EE-D627-44F3-9177-16BDFFE54D6C}.Release|iPhone.Build.0 = Release|iPhone
		{70DDB8EE-D627-44F3-9177-16BDFFE54D6C}.Release|iPhone.Deploy.0 = Release|iPhone
		{70DDB8EE-D627-44F3-9177-16BDFFE54D6C}.Release|iPhoneSimulator.ActiveCfg = Release|iPhoneSimulator
		{70DDB8EE-D627-44F3-9177-16BDFFE54D6C}.Release|iPhoneSimulator.Build.0 = Release|iPhoneSimulator
		{70DDB8EE-D627-44F3-9177-16BDFFE54D6C}.Release|iPhoneSimulator.Deploy.0 = Release|iPhoneSimulator
		{C7C6BF2E-A389-44D8-A7A8-48030198D95D}.Debug|Any CPU.ActiveCfg = Debug|Any CPU
		{C7C6BF2E-A389-44D8-A7A8-48030198D95D}.Debug|Any CPU.Build.0 = Debug|Any CPU
		{C7C6BF2E-A389-44D8-A7A8-48030198D95D}.Debug|Any CPU.Deploy.0 = Debug|Any CPU
		{C7C6BF2E-A389-44D8-A7A8-48030198D95D}.Debug|iPhone.ActiveCfg = Debug|Any CPU
		{C7C6BF2E-A389-44D8-A7A8-48030198D95D}.Debug|iPhone.Build.0 = Debug|Any CPU
		{C7C6BF2E-A389-44D8-A7A8-48030198D95D}.Debug|iPhone.Deploy.0 = Debug|Any CPU
		{C7C6BF2E-A389-44D8-A7A8-48030198D95D}.Debug|iPhoneSimulator.ActiveCfg = Debug|Any CPU
		{C7C6BF2E-A389-44D8-A7A8-48030198D95D}.Debug|iPhoneSimulator.Build.0 = Debug|Any CPU
		{C7C6BF2E-A389-44D8-A7A8-48030198D95D}.Debug|iPhoneSimulator.Deploy.0 = Debug|Any CPU
		{C7C6BF2E-A389-44D8-A7A8-48030198D95D}.Release|Any CPU.ActiveCfg = Release|Any CPU
		{C7C6BF2E-A389-44D8-A7A8-48030198D95D}.Release|Any CPU.Build.0 = Release|Any CPU
		{C7C6BF2E-A389-44D8-A7A8-48030198D95D}.Release|Any CPU.Deploy.0 = Release|Any CPU
		{C7C6BF2E-A389-44D8-A7A8-48030198D95D}.Release|iPhone.ActiveCfg = Release|Any CPU
		{C7C6BF2E-A389-44D8-A7A8-48030198D95D}.Release|iPhone.Build.0 = Release|Any CPU
		{C7C6BF2E-A389-44D8-A7A8-48030198D95D}.Release|iPhone.Deploy.0 = Release|Any CPU
		{C7C6BF2E-A389-44D8-A7A8-48030198D95D}.Release|iPhoneSimulator.ActiveCfg = Release|Any CPU
		{C7C6BF2E-A389-44D8-A7A8-48030198D95D}.Release|iPhoneSimulator.Build.0 = Release|Any CPU
		{C7C6BF2E-A389-44D8-A7A8-48030198D95D}.Release|iPhoneSimulator.Deploy.0 = Release|Any CPU
	EndGlobalSection
	GlobalSection(SolutionProperties) = preSolution
		HideSolutionNode = FALSE
	EndGlobalSection
	GlobalSection(ExtensibilityGlobals) = postSolution
		SolutionGuid = {BA2923AE-141D-4889-AB00-DE11B5A7756A}
	EndGlobalSection
EndGlobal
